
Microsoft Visual Studio Solution File, Format Version 12.00
# Visual Studio Version 17
VisualStudioVersion = 17.8.34525.116
MinimumVisualStudioVersion = 10.0.40219.1
Project("{FAE04EC0-301F-11D3-BF4B-00C04F79EFBC}") = "ReciepeApp", "ReciepeApp\ReciepeApp.csproj", "{539CA56D-E134-4CE0-97BC-36A7C26AEC38}"
EndProject
Project("{FAE04EC0-301F-11D3-BF4B-00C04F79EFBC}") = "RecipeAppTests1", "RecipeAppTests1\RecipeAppTests1.csproj", "{7F901A7A-DC86-4CBA-B346-6CDC7FCDA57B}"
EndProject
Global
	GlobalSection(SolutionConfigurationPlatforms) = preSolution
		Debug|Any CPU = Debug|Any CPU
		Release|Any CPU = Release|Any CPU
	EndGlobalSection
	GlobalSection(ProjectConfigurationPlatforms) = postSolution
		{539CA56D-E134-4CE0-97BC-36A7C26AEC38}.Debug|Any CPU.ActiveCfg = Debug|Any CPU
		{539CA56D-E134-4CE0-97BC-36A7C26AEC38}.Debug|Any CPU.Build.0 = Debug|Any CPU
		{539CA56D-E134-4CE0-97BC-36A7C26AEC38}.Release|Any CPU.ActiveCfg = Release|Any CPU
		{539CA56D-E134-4CE0-97BC-36A7C26AEC38}.Release|Any CPU.Build.0 = Release|Any CPU
		{7F901A7A-DC86-4CBA-B346-6CDC7FCDA57B}.Debug|Any CPU.ActiveCfg = Debug|Any CPU
		{7F901A7A-DC86-4CBA-B346-6CDC7FCDA57B}.Debug|Any CPU.Build.0 = Debug|Any CPU
		{7F901A7A-DC86-4CBA-B346-6CDC7FCDA57B}.Release|Any CPU.ActiveCfg = Release|Any CPU
		{7F901A7A-DC86-4CBA-B346-6CDC7FCDA57B}.Release|Any CPU.Build.0 = Release|Any CPU
	EndGlobalSection
	GlobalSection(SolutionProperties) = preSolution
		HideSolutionNode = FALSE
	EndGlobalSection
	GlobalSection(ExtensibilityGlobals) = postSolution
		SolutionGuid = {520FF062-7F0A-445B-B4FC-9297CC1DE807}
	EndGlobalSection
EndGlobal
